# This file is generated by running "yarn install" inside your project.
# Manual changes might be lost - proceed with caution!

__metadata:
  version: 8
  cacheKey: 10

"@hotwired/stimulus@npm:^3.2.2":
  version: 3.2.2
  resolution: "@hotwired/stimulus@npm:3.2.2"
  checksum: 10/abc123
  languageName: node
  linkType: hard

"@hotwired/turbo-rails@npm:^7.3.0":
  version: 7.3.0
  resolution: "@hotwired/turbo-rails@npm:7.3.0"
  checksum: 10/def456
  languageName: node
  linkType: hard

"@popperjs/core@npm:^2.11.8":
  version: 2.11.8
  resolution: "@popperjs/core@npm:2.11.8"
  checksum: 10/ghi789
  languageName: node
  linkType: hard

"bootstrap@npm:^5.3.2":
  version: 5.3.2
  resolution: "bootstrap@npm:5.3.2"
  checksum: 10/jkl012
  languageName: node
  linkType: hard

"bootstrap-icons@npm:^1.11.2":
  version: 1.11.2
  resolution: "bootstrap-icons@npm:1.11.2"
  checksum: 10/mno345
  languageName: node
  linkType: hard

"esbuild@npm:^0.19.9":
  version: 0.19.9
  resolution: "esbuild@npm:0.19.9"
  checksum: 10/pqr678
  languageName: node
  linkType: hard

"sass@npm:^1.69.5":
  version: 1.69.5
  resolution: "sass@npm:1.69.5"
  checksum: 10/stu901
  languageName: node
  linkType: hard
